
Microsoft Visual Studio Solution File, Format Version 12.00
# Visual Studio Version 17
VisualStudioVersion = 17.13.35825.156 d17.13
MinimumVisualStudioVersion = 10.0.40219.1
Project("{FAE04EC0-301F-11D3-BF4B-00C04F79EFBC}") = "POS.SYSTEM", "POS.SYSTEM.csproj", "{2E61F665-9189-46D5-8203-3B53DE01851F}"
EndProject
Global
	GlobalSection(SolutionConfigurationPlatforms) = preSolution
		Debug|Any CPU = Debug|Any CPU
		Release|Any CPU = Release|Any CPU
	EndGlobalSection
	GlobalSection(ProjectConfigurationPlatforms) = postSolution
		{2E61F665-9189-46D5-8203-3B53DE01851F}.Debug|Any CPU.ActiveCfg = Debug|Any CPU
		{2E61F665-9189-46D5-8203-3B53DE01851F}.Debug|Any CPU.Build.0 = Debug|Any CPU
		{2E61F665-9189-46D5-8203-3B53DE01851F}.Release|Any CPU.ActiveCfg = Release|Any CPU
		{2E61F665-9189-46D5-8203-3B53DE01851F}.Release|Any CPU.Build.0 = Release|Any CPU
	EndGlobalSection
	GlobalSection(SolutionProperties) = preSolution
		HideSolutionNode = FALSE
	EndGlobalSection
	GlobalSection(ExtensibilityGlobals) = postSolution
		SolutionGuid = {706A9014-5916-4467-AA13-1B1F23A4275F}
	EndGlobalSection
EndGlobal
