
Microsoft Visual Studio Solution File, Format Version 12.00
# Visual Studio Version 17
VisualStudioVersion = 17.13.35825.156
MinimumVisualStudioVersion = 10.0.40219.1
Project("{FAE04EC0-301F-11D3-BF4B-00C04F79EFBC}") = "POS.SYSTEM", "POS.SYSTEM.csproj", "{2E61F665-9189-46D5-8203-3B53DE01851F}"
EndProject
Project("{FAE04EC0-301F-11D3-BF4B-00C04F79EFBC}") = "POSBusinessDataLogic", "..\POSBusinessDataLogic\POSBusinessDataLogic.csproj", "{BF50121D-23D1-6F66-3D42-5F8E5861948F}"
EndProject
Project("{FAE04EC0-301F-11D3-BF4B-00C04F79EFBC}") = "POSCommon", "..\POSCommon\POSCommon.csproj", "{46620C74-D2C9-D18C-E70A-CEDC4AB97A35}"
EndProject
Project("{FAE04EC0-301F-11D3-BF4B-00C04F79EFBC}") = "POSDataService", "..\POSDataService\POSDataService.csproj", "{D4A11F6C-8BD0-7592-997A-A4DF074D646F}"
EndProject
Global
	GlobalSection(SolutionConfigurationPlatforms) = preSolution
		Debug|Any CPU = Debug|Any CPU
		Debug|x64 = Debug|x64
		Debug|x86 = Debug|x86
		Release|Any CPU = Release|Any CPU
		Release|x64 = Release|x64
		Release|x86 = Release|x86
	EndGlobalSection
	GlobalSection(ProjectConfigurationPlatforms) = postSolution
		{2E61F665-9189-46D5-8203-3B53DE01851F}.Debug|Any CPU.ActiveCfg = Debug|Any CPU
		{2E61F665-9189-46D5-8203-3B53DE01851F}.Debug|Any CPU.Build.0 = Debug|Any CPU
		{2E61F665-9189-46D5-8203-3B53DE01851F}.Debug|x64.ActiveCfg = Debug|Any CPU
		{2E61F665-9189-46D5-8203-3B53DE01851F}.Debug|x64.Build.0 = Debug|Any CPU
		{2E61F665-9189-46D5-8203-3B53DE01851F}.Debug|x86.ActiveCfg = Debug|Any CPU
		{2E61F665-9189-46D5-8203-3B53DE01851F}.Debug|x86.Build.0 = Debug|Any CPU
		{2E61F665-9189-46D5-8203-3B53DE01851F}.Release|Any CPU.ActiveCfg = Release|Any CPU
		{2E61F665-9189-46D5-8203-3B53DE01851F}.Release|Any CPU.Build.0 = Release|Any CPU
		{2E61F665-9189-46D5-8203-3B53DE01851F}.Release|x64.ActiveCfg = Release|Any CPU
		{2E61F665-9189-46D5-8203-3B53DE01851F}.Release|x64.Build.0 = Release|Any CPU
		{2E61F665-9189-46D5-8203-3B53DE01851F}.Release|x86.ActiveCfg = Release|Any CPU
		{2E61F665-9189-46D5-8203-3B53DE01851F}.Release|x86.Build.0 = Release|Any CPU
		{BF50121D-23D1-6F66-3D42-5F8E5861948F}.Debug|Any CPU.ActiveCfg = Debug|Any CPU
		{BF50121D-23D1-6F66-3D42-5F8E5861948F}.Debug|Any CPU.Build.0 = Debug|Any CPU
		{BF50121D-23D1-6F66-3D42-5F8E5861948F}.Debug|x64.ActiveCfg = Debug|Any CPU
		{BF50121D-23D1-6F66-3D42-5F8E5861948F}.Debug|x64.Build.0 = Debug|Any CPU
		{BF50121D-23D1-6F66-3D42-5F8E5861948F}.Debug|x86.ActiveCfg = Debug|Any CPU
		{BF50121D-23D1-6F66-3D42-5F8E5861948F}.Debug|x86.Build.0 = Debug|Any CPU
		{BF50121D-23D1-6F66-3D42-5F8E5861948F}.Release|Any CPU.ActiveCfg = Release|Any CPU
		{BF50121D-23D1-6F66-3D42-5F8E5861948F}.Release|Any CPU.Build.0 = Release|Any CPU
		{BF50121D-23D1-6F66-3D42-5F8E5861948F}.Release|x64.ActiveCfg = Release|Any CPU
		{BF50121D-23D1-6F66-3D42-5F8E5861948F}.Release|x64.Build.0 = Release|Any CPU
		{BF50121D-23D1-6F66-3D42-5F8E5861948F}.Release|x86.ActiveCfg = Release|Any CPU
		{BF50121D-23D1-6F66-3D42-5F8E5861948F}.Release|x86.Build.0 = Release|Any CPU
		{46620C74-D2C9-D18C-E70A-CEDC4AB97A35}.Debug|Any CPU.ActiveCfg = Debug|Any CPU
		{46620C74-D2C9-D18C-E70A-CEDC4AB97A35}.Debug|Any CPU.Build.0 = Debug|Any CPU
		{46620C74-D2C9-D18C-E70A-CEDC4AB97A35}.Debug|x64.ActiveCfg = Debug|Any CPU
		{46620C74-D2C9-D18C-E70A-CEDC4AB97A35}.Debug|x64.Build.0 = Debug|Any CPU
		{46620C74-D2C9-D18C-E70A-CEDC4AB97A35}.Debug|x86.ActiveCfg = Debug|Any CPU
		{46620C74-D2C9-D18C-E70A-CEDC4AB97A35}.Debug|x86.Build.0 = Debug|Any CPU
		{46620C74-D2C9-D18C-E70A-CEDC4AB97A35}.Release|Any CPU.ActiveCfg = Release|Any CPU
		{46620C74-D2C9-D18C-E70A-CEDC4AB97A35}.Release|Any CPU.Build.0 = Release|Any CPU
		{46620C74-D2C9-D18C-E70A-CEDC4AB97A35}.Release|x64.ActiveCfg = Release|Any CPU
		{46620C74-D2C9-D18C-E70A-CEDC4AB97A35}.Release|x64.Build.0 = Release|Any CPU
		{46620C74-D2C9-D18C-E70A-CEDC4AB97A35}.Release|x86.ActiveCfg = Release|Any CPU
		{46620C74-D2C9-D18C-E70A-CEDC4AB97A35}.Release|x86.Build.0 = Release|Any CPU
		{D4A11F6C-8BD0-7592-997A-A4DF074D646F}.Debug|Any CPU.ActiveCfg = Debug|Any CPU
		{D4A11F6C-8BD0-7592-997A-A4DF074D646F}.Debug|Any CPU.Build.0 = Debug|Any CPU
		{D4A11F6C-8BD0-7592-997A-A4DF074D646F}.Debug|x64.ActiveCfg = Debug|Any CPU
		{D4A11F6C-8BD0-7592-997A-A4DF074D646F}.Debug|x64.Build.0 = Debug|Any CPU
		{D4A11F6C-8BD0-7592-997A-A4DF074D646F}.Debug|x86.ActiveCfg = Debug|Any CPU
		{D4A11F6C-8BD0-7592-997A-A4DF074D646F}.Debug|x86.Build.0 = Debug|Any CPU
		{D4A11F6C-8BD0-7592-997A-A4DF074D646F}.Release|Any CPU.ActiveCfg = Release|Any CPU
		{D4A11F6C-8BD0-7592-997A-A4DF074D646F}.Release|Any CPU.Build.0 = Release|Any CPU
		{D4A11F6C-8BD0-7592-997A-A4DF074D646F}.Release|x64.ActiveCfg = Release|Any CPU
		{D4A11F6C-8BD0-7592-997A-A4DF074D646F}.Release|x64.Build.0 = Release|Any CPU
		{D4A11F6C-8BD0-7592-997A-A4DF074D646F}.Release|x86.ActiveCfg = Release|Any CPU
		{D4A11F6C-8BD0-7592-997A-A4DF074D646F}.Release|x86.Build.0 = Release|Any CPU
	EndGlobalSection
	GlobalSection(SolutionProperties) = preSolution
		HideSolutionNode = FALSE
	EndGlobalSection
	GlobalSection(ExtensibilityGlobals) = postSolution
		SolutionGuid = {706A9014-5916-4467-AA13-1B1F23A4275F}
	EndGlobalSection
EndGlobal
